
Microsoft Visual Studio Solution File, Format Version 12.00
# Visual Studio Version 17
VisualStudioVersion = 17.9.34902.65
MinimumVisualStudioVersion = 10.0.40219.1
Project("{9A19103F-16F7-4668-BE54-9A1E7A4F7556}") = "WpfLoadfilejson", "WpfLoadfilejson\WpfLoadfilejson.csproj", "{9459F312-20BC-4D60-9E6E-E6283B833DAB}"
EndProject
Project("{9A19103F-16F7-4668-BE54-9A1E7A4F7556}") = "WpfLoadfilejson_BusinessObject", "WpfLoadfilejson_BusinessObject\WpfLoadfilejson_BusinessObject.csproj", "{9633BE05-B7E3-49DD-B6B9-4F0346268A53}"
EndProject
Project("{9A19103F-16F7-4668-BE54-9A1E7A4F7556}") = "WpfLoadfilejson_Repo", "WpfLoadfilejson_Repo\WpfLoadfilejson_Repo.csproj", "{87049AE4-BF75-4492-A6F6-D3887004AA7D}"
EndProject
Project("{FAE04EC0-301F-11D3-BF4B-00C04F79EFBC}") = "WpfLoadfilejson_Service", "WpfLoadfilejson_Service\WpfLoadfilejson_Service.csproj", "{5F8EC8AC-70FE-41B6-9CB9-53FCEBF1092C}"
EndProject
Project("{FAE04EC0-301F-11D3-BF4B-00C04F79EFBC}") = "WpfLoadfilejson_DAO", "WpfLoadfilejson_DAO\WpfLoadfilejson_DAO.csproj", "{B0035BE3-B20D-43C7-BC4F-1D263A6D131B}"
EndProject
Global
	GlobalSection(SolutionConfigurationPlatforms) = preSolution
		Debug|Any CPU = Debug|Any CPU
		Release|Any CPU = Release|Any CPU
	EndGlobalSection
	GlobalSection(ProjectConfigurationPlatforms) = postSolution
		{9459F312-20BC-4D60-9E6E-E6283B833DAB}.Debug|Any CPU.ActiveCfg = Debug|Any CPU
		{9459F312-20BC-4D60-9E6E-E6283B833DAB}.Debug|Any CPU.Build.0 = Debug|Any CPU
		{9459F312-20BC-4D60-9E6E-E6283B833DAB}.Release|Any CPU.ActiveCfg = Release|Any CPU
		{9459F312-20BC-4D60-9E6E-E6283B833DAB}.Release|Any CPU.Build.0 = Release|Any CPU
		{9633BE05-B7E3-49DD-B6B9-4F0346268A53}.Debug|Any CPU.ActiveCfg = Debug|Any CPU
		{9633BE05-B7E3-49DD-B6B9-4F0346268A53}.Debug|Any CPU.Build.0 = Debug|Any CPU
		{9633BE05-B7E3-49DD-B6B9-4F0346268A53}.Release|Any CPU.ActiveCfg = Release|Any CPU
		{9633BE05-B7E3-49DD-B6B9-4F0346268A53}.Release|Any CPU.Build.0 = Release|Any CPU
		{87049AE4-BF75-4492-A6F6-D3887004AA7D}.Debug|Any CPU.ActiveCfg = Debug|Any CPU
		{87049AE4-BF75-4492-A6F6-D3887004AA7D}.Debug|Any CPU.Build.0 = Debug|Any CPU
		{87049AE4-BF75-4492-A6F6-D3887004AA7D}.Release|Any CPU.ActiveCfg = Release|Any CPU
		{87049AE4-BF75-4492-A6F6-D3887004AA7D}.Release|Any CPU.Build.0 = Release|Any CPU
		{5F8EC8AC-70FE-41B6-9CB9-53FCEBF1092C}.Debug|Any CPU.ActiveCfg = Debug|Any CPU
		{5F8EC8AC-70FE-41B6-9CB9-53FCEBF1092C}.Debug|Any CPU.Build.0 = Debug|Any CPU
		{5F8EC8AC-70FE-41B6-9CB9-53FCEBF1092C}.Release|Any CPU.ActiveCfg = Release|Any CPU
		{5F8EC8AC-70FE-41B6-9CB9-53FCEBF1092C}.Release|Any CPU.Build.0 = Release|Any CPU
		{B0035BE3-B20D-43C7-BC4F-1D263A6D131B}.Debug|Any CPU.ActiveCfg = Debug|Any CPU
		{B0035BE3-B20D-43C7-BC4F-1D263A6D131B}.Debug|Any CPU.Build.0 = Debug|Any CPU
		{B0035BE3-B20D-43C7-BC4F-1D263A6D131B}.Release|Any CPU.ActiveCfg = Release|Any CPU
		{B0035BE3-B20D-43C7-BC4F-1D263A6D131B}.Release|Any CPU.Build.0 = Release|Any CPU
	EndGlobalSection
	GlobalSection(SolutionProperties) = preSolution
		HideSolutionNode = FALSE
	EndGlobalSection
	GlobalSection(ExtensibilityGlobals) = postSolution
		SolutionGuid = {1733529C-605A-4EDB-B21D-0F9FEC3CCA2A}
	EndGlobalSection
EndGlobal
